
Microsoft Visual Studio Solution File, Format Version 12.00
# Visual Studio Version 17
VisualStudioVersion = 17.6.33829.357
MinimumVisualStudioVersion = 10.0.40219.1
Project("{FAE04EC0-301F-11D3-BF4B-00C04F79EFBC}") = "dotNetDMS", "dotNetDMS\dotNetDMS.csproj", "{EFCEBFA0-D877-4DD7-B23C-8FE76934345A}"
EndProject
Global
	GlobalSection(SolutionConfigurationPlatforms) = preSolution
		Debug|Any CPU = Debug|Any CPU
		Release|Any CPU = Release|Any CPU
	EndGlobalSection
	GlobalSection(ProjectConfigurationPlatforms) = postSolution
		{EFCEBFA0-D877-4DD7-B23C-8FE76934345A}.Debug|Any CPU.ActiveCfg = Debug|Any CPU
		{EFCEBFA0-D877-4DD7-B23C-8FE76934345A}.Debug|Any CPU.Build.0 = Debug|Any CPU
		{EFCEBFA0-D877-4DD7-B23C-8FE76934345A}.Release|Any CPU.ActiveCfg = Release|Any CPU
		{EFCEBFA0-D877-4DD7-B23C-8FE76934345A}.Release|Any CPU.Build.0 = Release|Any CPU
	EndGlobalSection
	GlobalSection(SolutionProperties) = preSolution
		HideSolutionNode = FALSE
	EndGlobalSection
	GlobalSection(ExtensibilityGlobals) = postSolution
		SolutionGuid = {014A4ED1-1604-4F17-8254-FE57AFADEEA1}
	EndGlobalSection
EndGlobal
